
Microsoft Visual Studio Solution File, Format Version 12.00
# Visual Studio 14
VisualStudioVersion = 14.0.25420.1
MinimumVisualStudioVersion = 10.0.40219.1
Project("{FAE04EC0-301F-11D3-BF4B-00C04F79EFBC}") = "ConsoleApplication1", "ConsoleApplication1\ConsoleApplication1.csproj", "{6610D7CD-5840-4D78-8A1D-9C8E884F2388}"
EndProject
Project("{FAE04EC0-301F-11D3-BF4B-00C04F79EFBC}") = "UnitTestProject1", "UnitTestProject1\UnitTestProject1.csproj", "{D6BCF7F2-5DB5-4097-A489-CC9A6CC3BB40}"
EndProject
Project("{FAE04EC0-301F-11D3-BF4B-00C04F79EFBC}") = "Calc", "Calc\Calc.csproj", "{63335A0D-D048-4CD9-8A6A-43ECBABA6255}"
EndProject
Project("{FAE04EC0-301F-11D3-BF4B-00C04F79EFBC}") = "Calculator", "Calculator\Calculator.csproj", "{CF79C399-C6D7-4427-BB1F-2C8B8C074944}"
EndProject
Project("{FAE04EC0-301F-11D3-BF4B-00C04F79EFBC}") = "Web", "Web\Web.csproj", "{9C700053-9592-4BC2-BE46-32A677CC357C}"
EndProject
Project("{FAE04EC0-301F-11D3-BF4B-00C04F79EFBC}") = "SingletonCalculator", "SingletonCalculator\SingletonCalculator.csproj", "{116A4B8C-38AB-45A4-B126-6D841B1F7C35}"
EndProject
Global
	GlobalSection(SolutionConfigurationPlatforms) = preSolution
		Debug|Any CPU = Debug|Any CPU
		Release|Any CPU = Release|Any CPU
	EndGlobalSection
	GlobalSection(ProjectConfigurationPlatforms) = postSolution
		{6610D7CD-5840-4D78-8A1D-9C8E884F2388}.Debug|Any CPU.ActiveCfg = Debug|Any CPU
		{6610D7CD-5840-4D78-8A1D-9C8E884F2388}.Debug|Any CPU.Build.0 = Debug|Any CPU
		{6610D7CD-5840-4D78-8A1D-9C8E884F2388}.Release|Any CPU.ActiveCfg = Release|Any CPU
		{6610D7CD-5840-4D78-8A1D-9C8E884F2388}.Release|Any CPU.Build.0 = Release|Any CPU
		{D6BCF7F2-5DB5-4097-A489-CC9A6CC3BB40}.Debug|Any CPU.ActiveCfg = Debug|Any CPU
		{D6BCF7F2-5DB5-4097-A489-CC9A6CC3BB40}.Debug|Any CPU.Build.0 = Debug|Any CPU
		{D6BCF7F2-5DB5-4097-A489-CC9A6CC3BB40}.Release|Any CPU.ActiveCfg = Release|Any CPU
		{D6BCF7F2-5DB5-4097-A489-CC9A6CC3BB40}.Release|Any CPU.Build.0 = Release|Any CPU
		{63335A0D-D048-4CD9-8A6A-43ECBABA6255}.Debug|Any CPU.ActiveCfg = Debug|Any CPU
		{63335A0D-D048-4CD9-8A6A-43ECBABA6255}.Debug|Any CPU.Build.0 = Debug|Any CPU
		{63335A0D-D048-4CD9-8A6A-43ECBABA6255}.Release|Any CPU.ActiveCfg = Release|Any CPU
		{63335A0D-D048-4CD9-8A6A-43ECBABA6255}.Release|Any CPU.Build.0 = Release|Any CPU
		{CF79C399-C6D7-4427-BB1F-2C8B8C074944}.Debug|Any CPU.ActiveCfg = Debug|Any CPU
		{CF79C399-C6D7-4427-BB1F-2C8B8C074944}.Debug|Any CPU.Build.0 = Debug|Any CPU
		{CF79C399-C6D7-4427-BB1F-2C8B8C074944}.Release|Any CPU.ActiveCfg = Release|Any CPU
		{CF79C399-C6D7-4427-BB1F-2C8B8C074944}.Release|Any CPU.Build.0 = Release|Any CPU
		{9C700053-9592-4BC2-BE46-32A677CC357C}.Debug|Any CPU.ActiveCfg = Debug|Any CPU
		{9C700053-9592-4BC2-BE46-32A677CC357C}.Debug|Any CPU.Build.0 = Debug|Any CPU
		{9C700053-9592-4BC2-BE46-32A677CC357C}.Release|Any CPU.ActiveCfg = Release|Any CPU
		{9C700053-9592-4BC2-BE46-32A677CC357C}.Release|Any CPU.Build.0 = Release|Any CPU
		{116A4B8C-38AB-45A4-B126-6D841B1F7C35}.Debug|Any CPU.ActiveCfg = Debug|Any CPU
		{116A4B8C-38AB-45A4-B126-6D841B1F7C35}.Debug|Any CPU.Build.0 = Debug|Any CPU
		{116A4B8C-38AB-45A4-B126-6D841B1F7C35}.Release|Any CPU.ActiveCfg = Release|Any CPU
		{116A4B8C-38AB-45A4-B126-6D841B1F7C35}.Release|Any CPU.Build.0 = Release|Any CPU
	EndGlobalSection
	GlobalSection(SolutionProperties) = preSolution
		HideSolutionNode = FALSE
	EndGlobalSection
EndGlobal
